
Microsoft Visual Studio Solution File, Format Version 12.00
# Visual Studio Version 17
VisualStudioVersion = 17.0.31903.59
MinimumVisualStudioVersion = 10.0.40219.1
Project("{2150E333-8FDC-42A3-9474-1A3956D46DE8}") = "Projects", "Projects", "{17245595-230B-9055-A944-863F0DDDA8E8}"
EndProject
Project("{2150E333-8FDC-42A3-9474-1A3956D46DE8}") = "Ticketing.Command", "Ticketing.Command", "{A99B1467-FF4E-22A9-B69E-F16D9ACB4773}"
EndProject
Project("{FAE04EC0-301F-11D3-BF4B-00C04F79EFBC}") = "Ticketing.command", "Projects\Ticketing.Command\Ticketing.command.csproj", "{7AC5EDE0-04E9-45F3-AB2C-9725C2B5F136}"
EndProject
Project("{2150E333-8FDC-42A3-9474-1A3956D46DE8}") = "Common", "Common", "{881589EE-639B-0A35-DBCE-5D94E4FC90C0}"
EndProject
Project("{FAE04EC0-301F-11D3-BF4B-00C04F79EFBC}") = "Common.Core", "Common\Common.Core\Common.Core.csproj", "{09174A7E-593B-487B-94EC-EF2A971C8738}"
EndProject
Project("{FAE04EC0-301F-11D3-BF4B-00C04F79EFBC}") = "Ticketing.Query", "Projects\Ticketing.Query\Ticketing.Query.csproj", "{DD98CA24-EEFC-4016-9EF3-78EC06EC2F15}"
EndProject
Global
	GlobalSection(SolutionConfigurationPlatforms) = preSolution
		Debug|Any CPU = Debug|Any CPU
		Debug|x64 = Debug|x64
		Debug|x86 = Debug|x86
		Release|Any CPU = Release|Any CPU
		Release|x64 = Release|x64
		Release|x86 = Release|x86
	EndGlobalSection
	GlobalSection(ProjectConfigurationPlatforms) = postSolution
		{7AC5EDE0-04E9-45F3-AB2C-9725C2B5F136}.Debug|Any CPU.ActiveCfg = Debug|Any CPU
		{7AC5EDE0-04E9-45F3-AB2C-9725C2B5F136}.Debug|Any CPU.Build.0 = Debug|Any CPU
		{7AC5EDE0-04E9-45F3-AB2C-9725C2B5F136}.Debug|x64.ActiveCfg = Debug|Any CPU
		{7AC5EDE0-04E9-45F3-AB2C-9725C2B5F136}.Debug|x64.Build.0 = Debug|Any CPU
		{7AC5EDE0-04E9-45F3-AB2C-9725C2B5F136}.Debug|x86.ActiveCfg = Debug|Any CPU
		{7AC5EDE0-04E9-45F3-AB2C-9725C2B5F136}.Debug|x86.Build.0 = Debug|Any CPU
		{7AC5EDE0-04E9-45F3-AB2C-9725C2B5F136}.Release|Any CPU.ActiveCfg = Release|Any CPU
		{7AC5EDE0-04E9-45F3-AB2C-9725C2B5F136}.Release|Any CPU.Build.0 = Release|Any CPU
		{7AC5EDE0-04E9-45F3-AB2C-9725C2B5F136}.Release|x64.ActiveCfg = Release|Any CPU
		{7AC5EDE0-04E9-45F3-AB2C-9725C2B5F136}.Release|x64.Build.0 = Release|Any CPU
		{7AC5EDE0-04E9-45F3-AB2C-9725C2B5F136}.Release|x86.ActiveCfg = Release|Any CPU
		{7AC5EDE0-04E9-45F3-AB2C-9725C2B5F136}.Release|x86.Build.0 = Release|Any CPU
		{09174A7E-593B-487B-94EC-EF2A971C8738}.Debug|Any CPU.ActiveCfg = Debug|Any CPU
		{09174A7E-593B-487B-94EC-EF2A971C8738}.Debug|Any CPU.Build.0 = Debug|Any CPU
		{09174A7E-593B-487B-94EC-EF2A971C8738}.Debug|x64.ActiveCfg = Debug|Any CPU
		{09174A7E-593B-487B-94EC-EF2A971C8738}.Debug|x64.Build.0 = Debug|Any CPU
		{09174A7E-593B-487B-94EC-EF2A971C8738}.Debug|x86.ActiveCfg = Debug|Any CPU
		{09174A7E-593B-487B-94EC-EF2A971C8738}.Debug|x86.Build.0 = Debug|Any CPU
		{09174A7E-593B-487B-94EC-EF2A971C8738}.Release|Any CPU.ActiveCfg = Release|Any CPU
		{09174A7E-593B-487B-94EC-EF2A971C8738}.Release|Any CPU.Build.0 = Release|Any CPU
		{09174A7E-593B-487B-94EC-EF2A971C8738}.Release|x64.ActiveCfg = Release|Any CPU
		{09174A7E-593B-487B-94EC-EF2A971C8738}.Release|x64.Build.0 = Release|Any CPU
		{09174A7E-593B-487B-94EC-EF2A971C8738}.Release|x86.ActiveCfg = Release|Any CPU
		{09174A7E-593B-487B-94EC-EF2A971C8738}.Release|x86.Build.0 = Release|Any CPU
		{DD98CA24-EEFC-4016-9EF3-78EC06EC2F15}.Debug|Any CPU.ActiveCfg = Debug|Any CPU
		{DD98CA24-EEFC-4016-9EF3-78EC06EC2F15}.Debug|Any CPU.Build.0 = Debug|Any CPU
		{DD98CA24-EEFC-4016-9EF3-78EC06EC2F15}.Debug|x64.ActiveCfg = Debug|Any CPU
		{DD98CA24-EEFC-4016-9EF3-78EC06EC2F15}.Debug|x64.Build.0 = Debug|Any CPU
		{DD98CA24-EEFC-4016-9EF3-78EC06EC2F15}.Debug|x86.ActiveCfg = Debug|Any CPU
		{DD98CA24-EEFC-4016-9EF3-78EC06EC2F15}.Debug|x86.Build.0 = Debug|Any CPU
		{DD98CA24-EEFC-4016-9EF3-78EC06EC2F15}.Release|Any CPU.ActiveCfg = Release|Any CPU
		{DD98CA24-EEFC-4016-9EF3-78EC06EC2F15}.Release|Any CPU.Build.0 = Release|Any CPU
		{DD98CA24-EEFC-4016-9EF3-78EC06EC2F15}.Release|x64.ActiveCfg = Release|Any CPU
		{DD98CA24-EEFC-4016-9EF3-78EC06EC2F15}.Release|x64.Build.0 = Release|Any CPU
		{DD98CA24-EEFC-4016-9EF3-78EC06EC2F15}.Release|x86.ActiveCfg = Release|Any CPU
		{DD98CA24-EEFC-4016-9EF3-78EC06EC2F15}.Release|x86.Build.0 = Release|Any CPU
	EndGlobalSection
	GlobalSection(SolutionProperties) = preSolution
		HideSolutionNode = FALSE
	EndGlobalSection
	GlobalSection(NestedProjects) = preSolution
		{A99B1467-FF4E-22A9-B69E-F16D9ACB4773} = {17245595-230B-9055-A944-863F0DDDA8E8}
		{7AC5EDE0-04E9-45F3-AB2C-9725C2B5F136} = {A99B1467-FF4E-22A9-B69E-F16D9ACB4773}
		{09174A7E-593B-487B-94EC-EF2A971C8738} = {881589EE-639B-0A35-DBCE-5D94E4FC90C0}
		{DD98CA24-EEFC-4016-9EF3-78EC06EC2F15} = {17245595-230B-9055-A944-863F0DDDA8E8}
	EndGlobalSection
EndGlobal
